{
  "version": 4,
  "terraform_version": "1.9.5",
  "serial": 77,
  "lineage": "fee5af10-2677-c045-72dd-5c7b4c4f924e",
  "outputs": {},
  "resources": [
    {
      "mode": "data",
      "type": "github_user",
      "name": "gh_user",
      "provider": "provider[\"registry.terraform.io/integrations/github\"]",
      "instances": [
        {
          "schema_version": 0,
          "attributes": {
            "avatar_url": "https://avatars.githubusercontent.com/u/17098249?v=4",
            "bio": "",
            "blog": "",
            "company": "",
            "created_at": "2016-02-06 14:25:30 +0000 UTC",
            "email": "",
            "followers": 7,
            "following": 20,
            "gpg_keys": [
              "xjMEZovFbxYJKwYBBAHaRw8BAQdAJm1StKdFb79xHgimdrNcKJYg0TXBm4tC+ZXgXtiGs6A="
            ],
            "gravatar_id": "",
            "id": "17098249",
            "location": "",
            "login": "akinnane",
            "name": "Alex Kinnane",
            "node_id": "MDQ6VXNlcjE3MDk4MjQ5",
            "public_gists": 1,
            "public_repos": 41,
            "site_admin": false,
            "ssh_keys": [
              "ssh-ed25519 AAAAC3NzaC1lZDI1NTE5AAAAIFZHIYxfUmWBIm2mKb1HTCj3rVOnJX9S0048LwPO0uND",
              "ssh-rsa AAAAB3NzaC1yc2EAAAADAQABAAABgQCtazzgfN+1sIqx4dsjaiZ2yCPuMN6WT4Fik+ICSoqD2CC/MQAbT3sSIJDpEvJlFWt5iKwXr9qAfv1LEIvv8l5BwPLbku5mmwi1Y0Y9T5gth4M0ReqyIIsQ/kG4TUWyT/ek0Jpjl1+LBPbML/igLJ6vjxcp26yE2lH23dinc44zzR1N571bw0/h2zrEvhd29EgSgc9iM559WR/A7/nDT4ySD4EpN17vxNawo867jCRP85Fsp5eCXQMFKm+c/htWDi5OKo2Kq4GPq13KiEOi0+5PX77E/mYWoLGLxGdvnyT33L07DEKDxLSr/+8hNfbc60km3ZUL38Dm1MP7pfkfPBp/9dYl9eGIFUAcbZJySKJa8RAbOY9vXWAHQcRTXvff1U3FTCsvv8jaI1JwazIZO2SawpUU56VzvFSSlygjWRS7Kpz0q2Sg5Nn2m6RByF8X/0uOWxqZMY2Y9E67YKGsIF+a8YBLV5pAAz9Ysm6UpwqTUq4N4sfCwFilu3NhLlntRjs="
            ],
            "suspended_at": "0001-01-01 00:00:00 +0000 UTC",
            "updated_at": "2024-09-04 11:29:13 +0000 UTC",
            "username": "akinnane"
          },
          "sensitive_attributes": []
        }
      ]
    },
    {
      "mode": "managed",
      "type": "github_branch_protection",
      "name": "main_branch",
      "provider": "provider[\"registry.terraform.io/integrations/github\"]",
      "instances": [
        {
          "schema_version": 2,
          "attributes": {
            "allows_deletions": false,
            "allows_force_pushes": false,
            "enforce_admins": true,
            "force_push_bypassers": null,
            "id": "BPR_kwDOMwwKuM4DPXct",
            "lock_branch": false,
            "pattern": "main",
            "repository_id": "R_kgDOMwwKuA",
            "require_conversation_resolution": true,
            "require_signed_commits": true,
            "required_linear_history": false,
            "required_pull_request_reviews": [
              {
                "dismiss_stale_reviews": true,
                "dismissal_restrictions": null,
                "pull_request_bypassers": null,
                "require_code_owner_reviews": true,
                "require_last_push_approval": false,
                "required_approving_review_count": 2,
                "restrict_dismissals": false
              }
            ],
            "required_status_checks": [
              {
                "contexts": [
                  "ci/travis"
                ],
                "strict": true
              }
            ],
            "restrict_pushes": []
          },
          "sensitive_attributes": [],
          "private": "eyJzY2hlbWFfdmVyc2lvbiI6IjIifQ==",
          "dependencies": [
            "github_repository.pass_main_branch_protection",
            "github_repository_file.security_md",
            "random_string.resource_code"
          ]
        }
      ]
    },
    {
      "mode": "managed",
      "type": "github_repository",
      "name": "fail",
      "provider": "provider[\"registry.terraform.io/integrations/github\"]",
      "instances": [
        {
          "schema_version": 1,
          "attributes": {
            "allow_auto_merge": false,
            "allow_merge_commit": true,
            "allow_rebase_merge": true,
            "allow_squash_merge": true,
            "allow_update_branch": false,
            "archive_on_destroy": null,
            "archived": false,
            "auto_init": null,
            "default_branch": "main",
            "delete_branch_on_merge": false,
            "description": "This should fail all tests",
            "etag": "W/\"e488cd0a634cfc02fe9c79468cb8b4a0930c67291b1b700c4e8bc6ca5281c47e\"",
            "full_name": "akinnane/test_repo_should_fail_3i9c9",
            "git_clone_url": "git://github.com/akinnane/test_repo_should_fail_3i9c9.git",
            "gitignore_template": null,
            "has_discussions": false,
            "has_downloads": false,
            "has_issues": false,
            "has_projects": false,
            "has_wiki": false,
            "homepage_url": "",
            "html_url": "https://github.com/akinnane/test_repo_should_fail_3i9c9",
            "http_clone_url": "https://github.com/akinnane/test_repo_should_fail_3i9c9.git",
            "id": "test_repo_should_fail_3i9c9",
            "ignore_vulnerability_alerts_during_read": null,
            "is_template": false,
            "license_template": null,
            "merge_commit_message": "PR_TITLE",
            "merge_commit_title": "MERGE_MESSAGE",
            "name": "test_repo_should_fail_3i9c9",
            "node_id": "R_kgDOMwwKzw",
            "pages": [],
            "primary_language": "",
            "private": true,
            "repo_id": 856427215,
            "security_and_analysis": [],
            "squash_merge_commit_message": "COMMIT_MESSAGES",
            "squash_merge_commit_title": "COMMIT_OR_PR_TITLE",
            "ssh_clone_url": "git@github.com:akinnane/test_repo_should_fail_3i9c9.git",
            "svn_url": "https://github.com/akinnane/test_repo_should_fail_3i9c9",
            "template": [],
            "topics": [],
            "visibility": "private",
            "vulnerability_alerts": false,
            "web_commit_signoff_required": false
          },
          "sensitive_attributes": [],
          "private": "eyJzY2hlbWFfdmVyc2lvbiI6IjEifQ==",
          "dependencies": [
            "random_string.resource_code"
          ]
        }
      ]
    },
    {
      "mode": "managed",
      "type": "github_repository",
      "name": "pass_main_branch_protection",
      "provider": "provider[\"registry.terraform.io/integrations/github\"]",
      "instances": [
        {
          "schema_version": 1,
          "attributes": {
            "allow_auto_merge": false,
            "allow_merge_commit": true,
            "allow_rebase_merge": true,
            "allow_squash_merge": true,
            "allow_update_branch": false,
            "archive_on_destroy": null,
            "archived": false,
            "auto_init": true,
            "default_branch": "main",
            "delete_branch_on_merge": false,
            "description": "test_should_pass_main_branch_protection",
            "etag": "W/\"5ba1b4883db5ee8067f36510b18c3f7acaf98db6e0ff7bdaa47f9c47c29f8998\"",
            "full_name": "akinnane/test_should_pass_main_branch_protection_3i9c9",
            "git_clone_url": "git://github.com/akinnane/test_should_pass_main_branch_protection_3i9c9.git",
            "gitignore_template": null,
            "has_discussions": false,
            "has_downloads": false,
            "has_issues": false,
            "has_projects": false,
            "has_wiki": false,
            "homepage_url": "",
            "html_url": "https://github.com/akinnane/test_should_pass_main_branch_protection_3i9c9",
            "http_clone_url": "https://github.com/akinnane/test_should_pass_main_branch_protection_3i9c9.git",
            "id": "test_should_pass_main_branch_protection_3i9c9",
            "ignore_vulnerability_alerts_during_read": null,
            "is_template": false,
            "license_template": null,
            "merge_commit_message": "PR_TITLE",
            "merge_commit_title": "MERGE_MESSAGE",
            "name": "test_should_pass_main_branch_protection_3i9c9",
            "node_id": "R_kgDOMwwKuA",
            "pages": [],
            "primary_language": "",
            "private": false,
            "repo_id": 856427192,
            "security_and_analysis": [
              {
                "advanced_security": [],
                "secret_scanning": [
                  {
                    "status": "enabled"
                  }
                ],
                "secret_scanning_push_protection": [
                  {
                    "status": "enabled"
                  }
                ]
              }
            ],
            "squash_merge_commit_message": "COMMIT_MESSAGES",
            "squash_merge_commit_title": "COMMIT_OR_PR_TITLE",
            "ssh_clone_url": "git@github.com:akinnane/test_should_pass_main_branch_protection_3i9c9.git",
            "svn_url": "https://github.com/akinnane/test_should_pass_main_branch_protection_3i9c9",
            "template": [],
            "topics": [],
            "visibility": "public",
            "vulnerability_alerts": true,
            "web_commit_signoff_required": false
          },
          "sensitive_attributes": [],
          "private": "eyJzY2hlbWFfdmVyc2lvbiI6IjEifQ==",
          "dependencies": [
            "random_string.resource_code"
          ]
        }
      ]
    },
    {
      "mode": "managed",
      "type": "github_repository_dependabot_security_updates",
      "name": "dependabot",
      "provider": "provider[\"registry.terraform.io/integrations/github\"]",
      "instances": [
        {
          "schema_version": 0,
          "attributes": {
            "enabled": true,
            "id": "test_should_pass_main_branch_protection_3i9c9",
            "repository": "test_should_pass_main_branch_protection_3i9c9"
          },
          "sensitive_attributes": [],
          "private": "bnVsbA==",
          "dependencies": [
            "github_repository.pass_main_branch_protection",
            "random_string.resource_code"
          ]
        }
      ]
    },
    {
      "mode": "managed",
      "type": "github_repository_file",
      "name": "security_md",
      "provider": "provider[\"registry.terraform.io/integrations/github\"]",
      "instances": [
        {
          "schema_version": 0,
          "attributes": {
            "branch": "main",
            "commit_author": "Terraform User",
            "commit_email": "terraform@example.com",
            "commit_message": "Managed by Terraform",
            "commit_sha": "8d43a94579cbb6fb7e4cf206d83e7a7a964617b8",
            "content": "#Security.md",
            "file": "SECURITY.md",
            "id": "test_should_pass_main_branch_protection_3i9c9/SECURITY.md",
            "overwrite_on_create": true,
            "ref": "main",
            "repository": "test_should_pass_main_branch_protection_3i9c9",
            "sha": "6db934ce58ad9dccf2b731dbf40fb796bbb296ba"
          },
          "sensitive_attributes": [],
          "private": "bnVsbA==",
          "dependencies": [
            "github_repository.pass_main_branch_protection",
            "random_string.resource_code"
          ]
        }
      ]
    },
    {
      "mode": "managed",
      "type": "random_string",
      "name": "resource_code",
      "provider": "provider[\"registry.terraform.io/hashicorp/random\"]",
      "instances": [
        {
          "schema_version": 2,
          "attributes": {
            "id": "3i9c9",
            "keepers": null,
            "length": 5,
            "lower": true,
            "min_lower": 0,
            "min_numeric": 0,
            "min_special": 0,
            "min_upper": 0,
            "number": true,
            "numeric": true,
            "override_special": null,
            "result": "3i9c9",
            "special": false,
            "upper": false
          },
          "sensitive_attributes": []
        }
      ]
    }
  ],
  "check_results": null
}
